
Microsoft Visual Studio Solution File, Format Version 12.00
# Visual Studio Version 16
VisualStudioVersion = 16.0.31424.327
MinimumVisualStudioVersion = 10.0.40219.1
Project("{2150E333-8FDC-42A3-9474-1A3956D46DE8}") = "AuthJwt", "AuthJwt", "{16D64C59-6D3A-4A9D-A08A-95B51F1EDF32}"
EndProject
Project("{9A19103F-16F7-4668-BE54-9A1E7A4F7556}") = "Auth.Jwt.App", "AuthJwt\Auth.Jwt.App\Auth.Jwt.App.csproj", "{579F8986-7E8F-45F3-8443-5D34A1476682}"
EndProject
Project("{9A19103F-16F7-4668-BE54-9A1E7A4F7556}") = "Auth.Jwt.Domain", "AuthJwt\Auth.Jwt.Domain\Auth.Jwt.Domain.csproj", "{74249ADB-D813-41FE-9413-80FE7407993C}"
EndProject
Project("{9A19103F-16F7-4668-BE54-9A1E7A4F7556}") = "Auth.Jwt.Infra", "AuthJwt\Auth.Jwt.Infra\Auth.Jwt.Infra.csproj", "{0663058F-151B-4DCE-A8AC-B1C0433B0A9C}"
EndProject
Project("{9A19103F-16F7-4668-BE54-9A1E7A4F7556}") = "Auth.Jwt.Web", "AuthJwt\Auth.Jwt.Web\Auth.Jwt.Web.csproj", "{1D38EB2F-36FB-46CD-89E6-02C29B67F01F}"
EndProject
Project("{2150E333-8FDC-42A3-9474-1A3956D46DE8}") = "PingIp", "PingIp", "{5AC04D72-43FC-4386-9582-6EE65673D096}"
EndProject
Project("{9A19103F-16F7-4668-BE54-9A1E7A4F7556}") = "Ping.Ip.Web", "PingIp\Ping.Ip.Web\Ping.Ip.Web.csproj", "{0096B658-CD84-47F3-B6AF-AF96F87D0ED9}"
EndProject
Project("{9A19103F-16F7-4668-BE54-9A1E7A4F7556}") = "Ping.Ip.App", "PingIp\Ping.Ip.App\Ping.Ip.App.csproj", "{07DCD9CA-F3AC-49A1-A2BD-5F0CEA373FFA}"
EndProject
Project("{9A19103F-16F7-4668-BE54-9A1E7A4F7556}") = "Ping.Ip.Infra", "PingIp\Ping.Ip.Infra\Ping.Ip.Infra.csproj", "{98633F83-0C9B-435A-A615-EC4F87C0EC18}"
EndProject
Project("{9A19103F-16F7-4668-BE54-9A1E7A4F7556}") = "Ping.Ip.Domain", "PingIp\Ping.Ip.Domain\Ping.Ip.Domain.csproj", "{D7A99ED7-0752-4F97-A4A5-FBA886A5AE03}"
EndProject
Global
	GlobalSection(SolutionConfigurationPlatforms) = preSolution
		Debug|Any CPU = Debug|Any CPU
		Release|Any CPU = Release|Any CPU
	EndGlobalSection
	GlobalSection(ProjectConfigurationPlatforms) = postSolution
		{579F8986-7E8F-45F3-8443-5D34A1476682}.Debug|Any CPU.ActiveCfg = Debug|Any CPU
		{579F8986-7E8F-45F3-8443-5D34A1476682}.Debug|Any CPU.Build.0 = Debug|Any CPU
		{579F8986-7E8F-45F3-8443-5D34A1476682}.Release|Any CPU.ActiveCfg = Release|Any CPU
		{579F8986-7E8F-45F3-8443-5D34A1476682}.Release|Any CPU.Build.0 = Release|Any CPU
		{74249ADB-D813-41FE-9413-80FE7407993C}.Debug|Any CPU.ActiveCfg = Debug|Any CPU
		{74249ADB-D813-41FE-9413-80FE7407993C}.Debug|Any CPU.Build.0 = Debug|Any CPU
		{74249ADB-D813-41FE-9413-80FE7407993C}.Release|Any CPU.ActiveCfg = Release|Any CPU
		{74249ADB-D813-41FE-9413-80FE7407993C}.Release|Any CPU.Build.0 = Release|Any CPU
		{0663058F-151B-4DCE-A8AC-B1C0433B0A9C}.Debug|Any CPU.ActiveCfg = Debug|Any CPU
		{0663058F-151B-4DCE-A8AC-B1C0433B0A9C}.Debug|Any CPU.Build.0 = Debug|Any CPU
		{0663058F-151B-4DCE-A8AC-B1C0433B0A9C}.Release|Any CPU.ActiveCfg = Release|Any CPU
		{0663058F-151B-4DCE-A8AC-B1C0433B0A9C}.Release|Any CPU.Build.0 = Release|Any CPU
		{1D38EB2F-36FB-46CD-89E6-02C29B67F01F}.Debug|Any CPU.ActiveCfg = Debug|Any CPU
		{1D38EB2F-36FB-46CD-89E6-02C29B67F01F}.Debug|Any CPU.Build.0 = Debug|Any CPU
		{1D38EB2F-36FB-46CD-89E6-02C29B67F01F}.Release|Any CPU.ActiveCfg = Release|Any CPU
		{1D38EB2F-36FB-46CD-89E6-02C29B67F01F}.Release|Any CPU.Build.0 = Release|Any CPU
		{0096B658-CD84-47F3-B6AF-AF96F87D0ED9}.Debug|Any CPU.ActiveCfg = Debug|Any CPU
		{0096B658-CD84-47F3-B6AF-AF96F87D0ED9}.Debug|Any CPU.Build.0 = Debug|Any CPU
		{0096B658-CD84-47F3-B6AF-AF96F87D0ED9}.Release|Any CPU.ActiveCfg = Release|Any CPU
		{0096B658-CD84-47F3-B6AF-AF96F87D0ED9}.Release|Any CPU.Build.0 = Release|Any CPU
		{07DCD9CA-F3AC-49A1-A2BD-5F0CEA373FFA}.Debug|Any CPU.ActiveCfg = Debug|Any CPU
		{07DCD9CA-F3AC-49A1-A2BD-5F0CEA373FFA}.Debug|Any CPU.Build.0 = Debug|Any CPU
		{07DCD9CA-F3AC-49A1-A2BD-5F0CEA373FFA}.Release|Any CPU.ActiveCfg = Release|Any CPU
		{07DCD9CA-F3AC-49A1-A2BD-5F0CEA373FFA}.Release|Any CPU.Build.0 = Release|Any CPU
		{98633F83-0C9B-435A-A615-EC4F87C0EC18}.Debug|Any CPU.ActiveCfg = Debug|Any CPU
		{98633F83-0C9B-435A-A615-EC4F87C0EC18}.Debug|Any CPU.Build.0 = Debug|Any CPU
		{98633F83-0C9B-435A-A615-EC4F87C0EC18}.Release|Any CPU.ActiveCfg = Release|Any CPU
		{98633F83-0C9B-435A-A615-EC4F87C0EC18}.Release|Any CPU.Build.0 = Release|Any CPU
		{D7A99ED7-0752-4F97-A4A5-FBA886A5AE03}.Debug|Any CPU.ActiveCfg = Debug|Any CPU
		{D7A99ED7-0752-4F97-A4A5-FBA886A5AE03}.Debug|Any CPU.Build.0 = Debug|Any CPU
		{D7A99ED7-0752-4F97-A4A5-FBA886A5AE03}.Release|Any CPU.ActiveCfg = Release|Any CPU
		{D7A99ED7-0752-4F97-A4A5-FBA886A5AE03}.Release|Any CPU.Build.0 = Release|Any CPU
	EndGlobalSection
	GlobalSection(SolutionProperties) = preSolution
		HideSolutionNode = FALSE
	EndGlobalSection
	GlobalSection(NestedProjects) = preSolution
		{579F8986-7E8F-45F3-8443-5D34A1476682} = {16D64C59-6D3A-4A9D-A08A-95B51F1EDF32}
		{74249ADB-D813-41FE-9413-80FE7407993C} = {16D64C59-6D3A-4A9D-A08A-95B51F1EDF32}
		{0663058F-151B-4DCE-A8AC-B1C0433B0A9C} = {16D64C59-6D3A-4A9D-A08A-95B51F1EDF32}
		{1D38EB2F-36FB-46CD-89E6-02C29B67F01F} = {16D64C59-6D3A-4A9D-A08A-95B51F1EDF32}
		{0096B658-CD84-47F3-B6AF-AF96F87D0ED9} = {5AC04D72-43FC-4386-9582-6EE65673D096}
		{07DCD9CA-F3AC-49A1-A2BD-5F0CEA373FFA} = {5AC04D72-43FC-4386-9582-6EE65673D096}
		{98633F83-0C9B-435A-A615-EC4F87C0EC18} = {5AC04D72-43FC-4386-9582-6EE65673D096}
		{D7A99ED7-0752-4F97-A4A5-FBA886A5AE03} = {5AC04D72-43FC-4386-9582-6EE65673D096}
	EndGlobalSection
	GlobalSection(ExtensibilityGlobals) = postSolution
		SolutionGuid = {F917BFF1-4467-42AE-84EF-49068A1CCDDD}
	EndGlobalSection
EndGlobal
